
Microsoft Visual Studio Solution File, Format Version 12.00
# Visual Studio Version 17
VisualStudioVersion = 17.0.32014.148
MinimumVisualStudioVersion = 10.0.40219.1
Project("{9A19103F-16F7-4668-BE54-9A1E7A4F7556}") = "FristProject", "FristProject.csproj", "{381E97BB-DDBC-49F4-8046-02393D37C634}"
EndProject
Project("{9A19103F-16F7-4668-BE54-9A1E7A4F7556}") = "Variables", "..\Variables\Variables.csproj", "{EAA180AA-5FB9-4A89-BD69-3DA3EC5F760E}"
EndProject
Project("{9A19103F-16F7-4668-BE54-9A1E7A4F7556}") = "Methods", "..\Methods\Methods.csproj", "{89204B8E-5989-41A0-B282-5AAB042BB5E1}"
EndProject
Project("{9A19103F-16F7-4668-BE54-9A1E7A4F7556}") = "ClassObjectInstance", "..\ClassObjectInstance\ClassObjectInstance.csproj", "{99D58422-E8B6-44AC-9CB4-560432827EB9}"
EndProject
Project("{9A19103F-16F7-4668-BE54-9A1E7A4F7556}") = "InstantiationExample", "..\InstantiationExample\InstantiationExample.csproj", "{CADE173B-B552-48E0-B3C4-6AFF2B0CABD8}"
EndProject
Project("{9A19103F-16F7-4668-BE54-9A1E7A4F7556}") = "Statement_If", "..\Statement_If\Statement_If.csproj", "{B050F7DA-8084-4B83-BE50-E5888FBF2D5B}"
EndProject
Project("{9A19103F-16F7-4668-BE54-9A1E7A4F7556}") = "Example01_ClassObjectInstance", "..\Example01_ClassObjectInstance\Example01_ClassObjectInstance.csproj", "{06CFFBA2-1C55-4B3A-9EC4-51CA164928B8}"
EndProject
Project("{9A19103F-16F7-4668-BE54-9A1E7A4F7556}") = "Operators", "..\Operators\Operators.csproj", "{5DAE1C1A-D198-42A4-94DE-9BB16B088417}"
EndProject
Project("{9A19103F-16F7-4668-BE54-9A1E7A4F7556}") = "OperatorFunctions", "..\OperatorFunctions\OperatorFunctions.csproj", "{56988380-130E-4A7B-B0A1-5F05CF20171F}"
EndProject
Project("{9A19103F-16F7-4668-BE54-9A1E7A4F7556}") = "Array", "..\Array\Array.csproj", "{41E1F1C1-98F4-43CB-AC3C-EA92003549C5}"
EndProject
Project("{9A19103F-16F7-4668-BE54-9A1E7A4F7556}") = "Statement_Loops", "..\Statement_Loops\Statement_Loops.csproj", "{4DEA7879-58EA-46AE-B6E9-7622D1415E38}"
EndProject
Project("{9A19103F-16F7-4668-BE54-9A1E7A4F7556}") = "Example02_Array2D", "..\Example02_Array2D\Example02_Array2D.csproj", "{415DE3B2-C1D8-4BC7-9914-28F7ED36188B}"
EndProject
Project("{9A19103F-16F7-4668-BE54-9A1E7A4F7556}") = "Example03_DynamicArray", "..\Example03_DynamicArray\Example03_DynamicArray.csproj", "{DBC38EF1-8EE8-405C-9EC1-3138088FB021}"
EndProject
Project("{9A19103F-16F7-4668-BE54-9A1E7A4F7556}") = "GenericCollections", "..\GenericCollections\GenericCollections.csproj", "{C287D158-4BE5-4913-B58D-6249438A5663}"
EndProject
Project("{9A19103F-16F7-4668-BE54-9A1E7A4F7556}") = "Enum_SwitchCase", "..\Enum_SwitchCase\Enum_SwitchCase.csproj", "{F4AA88A4-AE3B-417B-93DC-D8DC62B27A94}"
EndProject
Project("{9A19103F-16F7-4668-BE54-9A1E7A4F7556}") = "Example4_HorseRacing", "..\Example4_HorseRacing\Example4_HorseRacing.csproj", "{23C5942D-167C-4D2E-B63E-543F83E1D642}"
EndProject
Project("{FAE04EC0-301F-11D3-BF4B-00C04F79EFBC}") = "Structure", "..\Structure\Structure.csproj", "{3DE83D3B-66A9-45F2-8698-8F444DD61FB7}"
EndProject
Global
	GlobalSection(SolutionConfigurationPlatforms) = preSolution
		Debug|Any CPU = Debug|Any CPU
		Release|Any CPU = Release|Any CPU
	EndGlobalSection
	GlobalSection(ProjectConfigurationPlatforms) = postSolution
		{381E97BB-DDBC-49F4-8046-02393D37C634}.Debug|Any CPU.ActiveCfg = Debug|Any CPU
		{381E97BB-DDBC-49F4-8046-02393D37C634}.Debug|Any CPU.Build.0 = Debug|Any CPU
		{381E97BB-DDBC-49F4-8046-02393D37C634}.Release|Any CPU.ActiveCfg = Release|Any CPU
		{381E97BB-DDBC-49F4-8046-02393D37C634}.Release|Any CPU.Build.0 = Release|Any CPU
		{EAA180AA-5FB9-4A89-BD69-3DA3EC5F760E}.Debug|Any CPU.ActiveCfg = Debug|Any CPU
		{EAA180AA-5FB9-4A89-BD69-3DA3EC5F760E}.Debug|Any CPU.Build.0 = Debug|Any CPU
		{EAA180AA-5FB9-4A89-BD69-3DA3EC5F760E}.Release|Any CPU.ActiveCfg = Release|Any CPU
		{EAA180AA-5FB9-4A89-BD69-3DA3EC5F760E}.Release|Any CPU.Build.0 = Release|Any CPU
		{89204B8E-5989-41A0-B282-5AAB042BB5E1}.Debug|Any CPU.ActiveCfg = Debug|Any CPU
		{89204B8E-5989-41A0-B282-5AAB042BB5E1}.Debug|Any CPU.Build.0 = Debug|Any CPU
		{89204B8E-5989-41A0-B282-5AAB042BB5E1}.Release|Any CPU.ActiveCfg = Release|Any CPU
		{89204B8E-5989-41A0-B282-5AAB042BB5E1}.Release|Any CPU.Build.0 = Release|Any CPU
		{99D58422-E8B6-44AC-9CB4-560432827EB9}.Debug|Any CPU.ActiveCfg = Debug|Any CPU
		{99D58422-E8B6-44AC-9CB4-560432827EB9}.Debug|Any CPU.Build.0 = Debug|Any CPU
		{99D58422-E8B6-44AC-9CB4-560432827EB9}.Release|Any CPU.ActiveCfg = Release|Any CPU
		{99D58422-E8B6-44AC-9CB4-560432827EB9}.Release|Any CPU.Build.0 = Release|Any CPU
		{CADE173B-B552-48E0-B3C4-6AFF2B0CABD8}.Debug|Any CPU.ActiveCfg = Debug|Any CPU
		{CADE173B-B552-48E0-B3C4-6AFF2B0CABD8}.Debug|Any CPU.Build.0 = Debug|Any CPU
		{CADE173B-B552-48E0-B3C4-6AFF2B0CABD8}.Release|Any CPU.ActiveCfg = Release|Any CPU
		{CADE173B-B552-48E0-B3C4-6AFF2B0CABD8}.Release|Any CPU.Build.0 = Release|Any CPU
		{B050F7DA-8084-4B83-BE50-E5888FBF2D5B}.Debug|Any CPU.ActiveCfg = Debug|Any CPU
		{B050F7DA-8084-4B83-BE50-E5888FBF2D5B}.Debug|Any CPU.Build.0 = Debug|Any CPU
		{B050F7DA-8084-4B83-BE50-E5888FBF2D5B}.Release|Any CPU.ActiveCfg = Release|Any CPU
		{B050F7DA-8084-4B83-BE50-E5888FBF2D5B}.Release|Any CPU.Build.0 = Release|Any CPU
		{06CFFBA2-1C55-4B3A-9EC4-51CA164928B8}.Debug|Any CPU.ActiveCfg = Debug|Any CPU
		{06CFFBA2-1C55-4B3A-9EC4-51CA164928B8}.Debug|Any CPU.Build.0 = Debug|Any CPU
		{06CFFBA2-1C55-4B3A-9EC4-51CA164928B8}.Release|Any CPU.ActiveCfg = Release|Any CPU
		{06CFFBA2-1C55-4B3A-9EC4-51CA164928B8}.Release|Any CPU.Build.0 = Release|Any CPU
		{5DAE1C1A-D198-42A4-94DE-9BB16B088417}.Debug|Any CPU.ActiveCfg = Debug|Any CPU
		{5DAE1C1A-D198-42A4-94DE-9BB16B088417}.Debug|Any CPU.Build.0 = Debug|Any CPU
		{5DAE1C1A-D198-42A4-94DE-9BB16B088417}.Release|Any CPU.ActiveCfg = Release|Any CPU
		{5DAE1C1A-D198-42A4-94DE-9BB16B088417}.Release|Any CPU.Build.0 = Release|Any CPU
		{56988380-130E-4A7B-B0A1-5F05CF20171F}.Debug|Any CPU.ActiveCfg = Debug|Any CPU
		{56988380-130E-4A7B-B0A1-5F05CF20171F}.Debug|Any CPU.Build.0 = Debug|Any CPU
		{56988380-130E-4A7B-B0A1-5F05CF20171F}.Release|Any CPU.ActiveCfg = Release|Any CPU
		{56988380-130E-4A7B-B0A1-5F05CF20171F}.Release|Any CPU.Build.0 = Release|Any CPU
		{41E1F1C1-98F4-43CB-AC3C-EA92003549C5}.Debug|Any CPU.ActiveCfg = Debug|Any CPU
		{41E1F1C1-98F4-43CB-AC3C-EA92003549C5}.Debug|Any CPU.Build.0 = Debug|Any CPU
		{41E1F1C1-98F4-43CB-AC3C-EA92003549C5}.Release|Any CPU.ActiveCfg = Release|Any CPU
		{41E1F1C1-98F4-43CB-AC3C-EA92003549C5}.Release|Any CPU.Build.0 = Release|Any CPU
		{4DEA7879-58EA-46AE-B6E9-7622D1415E38}.Debug|Any CPU.ActiveCfg = Debug|Any CPU
		{4DEA7879-58EA-46AE-B6E9-7622D1415E38}.Debug|Any CPU.Build.0 = Debug|Any CPU
		{4DEA7879-58EA-46AE-B6E9-7622D1415E38}.Release|Any CPU.ActiveCfg = Release|Any CPU
		{4DEA7879-58EA-46AE-B6E9-7622D1415E38}.Release|Any CPU.Build.0 = Release|Any CPU
		{415DE3B2-C1D8-4BC7-9914-28F7ED36188B}.Debug|Any CPU.ActiveCfg = Debug|Any CPU
		{415DE3B2-C1D8-4BC7-9914-28F7ED36188B}.Debug|Any CPU.Build.0 = Debug|Any CPU
		{415DE3B2-C1D8-4BC7-9914-28F7ED36188B}.Release|Any CPU.ActiveCfg = Release|Any CPU
		{415DE3B2-C1D8-4BC7-9914-28F7ED36188B}.Release|Any CPU.Build.0 = Release|Any CPU
		{DBC38EF1-8EE8-405C-9EC1-3138088FB021}.Debug|Any CPU.ActiveCfg = Debug|Any CPU
		{DBC38EF1-8EE8-405C-9EC1-3138088FB021}.Debug|Any CPU.Build.0 = Debug|Any CPU
		{DBC38EF1-8EE8-405C-9EC1-3138088FB021}.Release|Any CPU.ActiveCfg = Release|Any CPU
		{DBC38EF1-8EE8-405C-9EC1-3138088FB021}.Release|Any CPU.Build.0 = Release|Any CPU
		{C287D158-4BE5-4913-B58D-6249438A5663}.Debug|Any CPU.ActiveCfg = Debug|Any CPU
		{C287D158-4BE5-4913-B58D-6249438A5663}.Debug|Any CPU.Build.0 = Debug|Any CPU
		{C287D158-4BE5-4913-B58D-6249438A5663}.Release|Any CPU.ActiveCfg = Release|Any CPU
		{C287D158-4BE5-4913-B58D-6249438A5663}.Release|Any CPU.Build.0 = Release|Any CPU
		{F4AA88A4-AE3B-417B-93DC-D8DC62B27A94}.Debug|Any CPU.ActiveCfg = Debug|Any CPU
		{F4AA88A4-AE3B-417B-93DC-D8DC62B27A94}.Debug|Any CPU.Build.0 = Debug|Any CPU
		{F4AA88A4-AE3B-417B-93DC-D8DC62B27A94}.Release|Any CPU.ActiveCfg = Release|Any CPU
		{F4AA88A4-AE3B-417B-93DC-D8DC62B27A94}.Release|Any CPU.Build.0 = Release|Any CPU
		{23C5942D-167C-4D2E-B63E-543F83E1D642}.Debug|Any CPU.ActiveCfg = Debug|Any CPU
		{23C5942D-167C-4D2E-B63E-543F83E1D642}.Debug|Any CPU.Build.0 = Debug|Any CPU
		{23C5942D-167C-4D2E-B63E-543F83E1D642}.Release|Any CPU.ActiveCfg = Release|Any CPU
		{23C5942D-167C-4D2E-B63E-543F83E1D642}.Release|Any CPU.Build.0 = Release|Any CPU
		{3DE83D3B-66A9-45F2-8698-8F444DD61FB7}.Debug|Any CPU.ActiveCfg = Debug|Any CPU
		{3DE83D3B-66A9-45F2-8698-8F444DD61FB7}.Debug|Any CPU.Build.0 = Debug|Any CPU
		{3DE83D3B-66A9-45F2-8698-8F444DD61FB7}.Release|Any CPU.ActiveCfg = Release|Any CPU
		{3DE83D3B-66A9-45F2-8698-8F444DD61FB7}.Release|Any CPU.Build.0 = Release|Any CPU
	EndGlobalSection
	GlobalSection(SolutionProperties) = preSolution
		HideSolutionNode = FALSE
	EndGlobalSection
	GlobalSection(ExtensibilityGlobals) = postSolution
		SolutionGuid = {19FBA5C6-5786-4439-9E23-20FCF771C0E8}
	EndGlobalSection
EndGlobal
